{
    "_meta": {
        "hash": {
            "sha256": "cd2281afa9e70257d788a32357f659d353366394c1718f3b883dd3aac5f8b595"
        },
        "pipfile-spec": 6,
        "requires": {
            "python_version": "3.8"
        },
        "sources": [
            {
                "name": "pypi",
                "url": "https://pypi.org/simple",
                "verify_ssl": true
            }
        ]
    },
    "default": {
        "pyside2": {
            "hashes": [
                "sha256:307e58c1f327c9215d276fc7d312b3c537c72446af06230b4f130c2cc6980735",
                "sha256:692fc35171ef3b58226f5ba7bc75a00b641709f94e39b98ce22f3705d478372b",
                "sha256:80efed294ad4f7a5fa2c7d2707ce25d5afb60269825dce21034937056edb1754",
                "sha256:a7c5c94f925186f7cee5755477662cac40f59a27c2f9d6163c5ab4f89b1fa56a",
                "sha256:d2ada2f2236a7f1393a4e6657c4421cd99411cb99739d80dd1522e861ac1308a",
                "sha256:dc43c593800ba67d8081eb26deef83c893dd7b52680bfd5193e76e3efaf4f186"
            ],
            "index": "pypi",
            "version": "==5.14.2"
        },
        "qtpy": {
            "hashes": [
                "sha256:2db72c44b55d0fe1407be8fba35c838ad0d6d3bb81f23007886dc1fc0f459c8d",
                "sha256:fa0b8363b363e89b2a6f49eddc162a04c0699ae95e109a6be3bb145a913190ea"
            ],
            "index": "pypi",
            "version": "==1.9.0"
        },
        "shiboken2": {
            "hashes": [
                "sha256:1ab673cab00ac787f055f5859c6ad1e03e294c3a12247545f3b516860363b076",
                "sha256:32fa77f9464b1fa055f2d8c1511e624dbd39a8ad13053acc08c330d5631a7788",
                "sha256:4a1be8396c748b850d2b0bddc9ef3d277873d14503c83efbc34be7148c3c92fc",
                "sha256:6eda654156bdcabf14dd366f7da5ab2ffcf4d3099eb437f9a22742fd3f828f6a",
                "sha256:77b9bac57f7524c21a0711466dea43d4b45543f7d4ec1fc54acff9349d8296e3",
                "sha256:e887fccaa60dbf2b6f9ce46c32fb0d36434796ef3468d742e0bdad9cfc5b0c02"
            ],
            "version": "==5.14.2"
        }
    },
    "develop": {}
}
